
Microsoft Visual Studio Solution File, Format Version 12.00
# Visual Studio Version 16
VisualStudioVersion = 16.0.28803.352
MinimumVisualStudioVersion = 10.0.40219.1
Project("{FAE04EC0-301F-11D3-BF4B-00C04F79EFBC}") = "EjerciciosLibroCSharpCap5-8.git", "EjerciciosLibroCSharpCap5-8.git.csproj", "{0C1BAF7A-5CBA-45BB-85A9-8C486BB27503}"
EndProject
Global
	GlobalSection(SolutionConfigurationPlatforms) = preSolution
		Debug|Any CPU = Debug|Any CPU
		Release|Any CPU = Release|Any CPU
	EndGlobalSection
	GlobalSection(ProjectConfigurationPlatforms) = postSolution
		{0C1BAF7A-5CBA-45BB-85A9-8C486BB27503}.Debug|Any CPU.ActiveCfg = Debug|Any CPU
		{0C1BAF7A-5CBA-45BB-85A9-8C486BB27503}.Debug|Any CPU.Build.0 = Debug|Any CPU
		{0C1BAF7A-5CBA-45BB-85A9-8C486BB27503}.Release|Any CPU.ActiveCfg = Release|Any CPU
		{0C1BAF7A-5CBA-45BB-85A9-8C486BB27503}.Release|Any CPU.Build.0 = Release|Any CPU
	EndGlobalSection
	GlobalSection(SolutionProperties) = preSolution
		HideSolutionNode = FALSE
	EndGlobalSection
	GlobalSection(ExtensibilityGlobals) = postSolution
		SolutionGuid = {618C4F58-6CCB-411E-B1D3-28575E2812AD}
	EndGlobalSection
EndGlobal
